{
  "pins" : [
    {
      "identity" : "sparkle",
      "kind" : "remoteSourceControl",
      "location" : "https://github.com/sparkle-project/Sparkle.git",
      "state" : {
        "revision" : "7918c1c8fc68baa37917eeaa67286b077ad5e393",
        "version" : "1.27.1"
      }
    }
  ],
  "version" : 2
}
